
Microsoft Visual Studio Solution File, Format Version 12.00
# Visual Studio Version 17
VisualStudioVersion = 17.3.32929.385
MinimumVisualStudioVersion = 10.0.40219.1
Project("{9A19103F-16F7-4668-BE54-9A1E7A4F7556}") = "DataStructuresAndAlgorithms", "DataStructuresAndAlgorithms\DataStructuresAndAlgorithms.csproj", "{948B025C-0C51-44E8-9BA8-1CF02F80282B}"
EndProject
Project("{2150E333-8FDC-42A3-9474-1A3956D46DE8}") = "Solution Items", "Solution Items", "{0FBB266F-06C4-4F99-B281-10CEA59664BE}"
	ProjectSection(SolutionItems) = preProject
		TestCase.cs = TestCase.cs
	EndProjectSection
EndProject
Project("{9A19103F-16F7-4668-BE54-9A1E7A4F7556}") = "Test", "Test\Test.csproj", "{303D58E5-2197-4EC4-B20B-8EBFC453269F}"
EndProject
Project("{9A19103F-16F7-4668-BE54-9A1E7A4F7556}") = "CalculatorLibUnitTests", "CalculatorLibUnitTests\CalculatorLibUnitTests.csproj", "{F797AA6E-B2BB-420B-9D76-5B880E79B563}"
EndProject
Project("{9A19103F-16F7-4668-BE54-9A1E7A4F7556}") = "WorkingWithSerialization", "WorkingWithSerialization\WorkingWithSerialization.csproj", "{8628CE9B-6025-46B2-838D-137988FE6781}"
EndProject
Project("{9A19103F-16F7-4668-BE54-9A1E7A4F7556}") = "Threads", "Threads\Threads.csproj", "{E5042A97-76B9-4C26-85E0-B669C191D9FC}"
EndProject
Project("{FAE04EC0-301F-11D3-BF4B-00C04F79EFBC}") = "LinqWithEFCore", "LinqWithEFCore\LinqWithEFCore.csproj", "{4F7A932A-4D77-42D9-8A6B-42EB43CBD147}"
EndProject
Project("{FAE04EC0-301F-11D3-BF4B-00C04F79EFBC}") = "MonitoringLib", "MonitoringLib\MonitoringLib.csproj", "{29D06889-C0F7-4439-A4EF-54ABA4A9EFE2}"
EndProject
Project("{FAE04EC0-301F-11D3-BF4B-00C04F79EFBC}") = "MonitoringApp", "MonitoringApp\MonitoringApp.csproj", "{D8D3177D-7F8A-46A1-A64B-21880ABA9232}"
EndProject
Project("{FAE04EC0-301F-11D3-BF4B-00C04F79EFBC}") = "WorkingWithTasks", "WorkingWithTasks\WorkingWithTasks.csproj", "{DB81E546-2729-4CB8-B2D2-A5B8E6331B67}"
EndProject
Global
	GlobalSection(SolutionConfigurationPlatforms) = preSolution
		Debug|Any CPU = Debug|Any CPU
		Release|Any CPU = Release|Any CPU
	EndGlobalSection
	GlobalSection(ProjectConfigurationPlatforms) = postSolution
		{948B025C-0C51-44E8-9BA8-1CF02F80282B}.Debug|Any CPU.ActiveCfg = Debug|Any CPU
		{948B025C-0C51-44E8-9BA8-1CF02F80282B}.Debug|Any CPU.Build.0 = Debug|Any CPU
		{948B025C-0C51-44E8-9BA8-1CF02F80282B}.Release|Any CPU.ActiveCfg = Release|Any CPU
		{948B025C-0C51-44E8-9BA8-1CF02F80282B}.Release|Any CPU.Build.0 = Release|Any CPU
		{303D58E5-2197-4EC4-B20B-8EBFC453269F}.Debug|Any CPU.ActiveCfg = Debug|Any CPU
		{303D58E5-2197-4EC4-B20B-8EBFC453269F}.Debug|Any CPU.Build.0 = Debug|Any CPU
		{303D58E5-2197-4EC4-B20B-8EBFC453269F}.Release|Any CPU.ActiveCfg = Release|Any CPU
		{303D58E5-2197-4EC4-B20B-8EBFC453269F}.Release|Any CPU.Build.0 = Release|Any CPU
		{F797AA6E-B2BB-420B-9D76-5B880E79B563}.Debug|Any CPU.ActiveCfg = Debug|Any CPU
		{F797AA6E-B2BB-420B-9D76-5B880E79B563}.Debug|Any CPU.Build.0 = Debug|Any CPU
		{F797AA6E-B2BB-420B-9D76-5B880E79B563}.Release|Any CPU.ActiveCfg = Release|Any CPU
		{F797AA6E-B2BB-420B-9D76-5B880E79B563}.Release|Any CPU.Build.0 = Release|Any CPU
		{8628CE9B-6025-46B2-838D-137988FE6781}.Debug|Any CPU.ActiveCfg = Debug|Any CPU
		{8628CE9B-6025-46B2-838D-137988FE6781}.Debug|Any CPU.Build.0 = Debug|Any CPU
		{8628CE9B-6025-46B2-838D-137988FE6781}.Release|Any CPU.ActiveCfg = Release|Any CPU
		{8628CE9B-6025-46B2-838D-137988FE6781}.Release|Any CPU.Build.0 = Release|Any CPU
		{E5042A97-76B9-4C26-85E0-B669C191D9FC}.Debug|Any CPU.ActiveCfg = Debug|Any CPU
		{E5042A97-76B9-4C26-85E0-B669C191D9FC}.Debug|Any CPU.Build.0 = Debug|Any CPU
		{E5042A97-76B9-4C26-85E0-B669C191D9FC}.Release|Any CPU.ActiveCfg = Release|Any CPU
		{E5042A97-76B9-4C26-85E0-B669C191D9FC}.Release|Any CPU.Build.0 = Release|Any CPU
		{4F7A932A-4D77-42D9-8A6B-42EB43CBD147}.Debug|Any CPU.ActiveCfg = Debug|Any CPU
		{4F7A932A-4D77-42D9-8A6B-42EB43CBD147}.Debug|Any CPU.Build.0 = Debug|Any CPU
		{4F7A932A-4D77-42D9-8A6B-42EB43CBD147}.Release|Any CPU.ActiveCfg = Release|Any CPU
		{4F7A932A-4D77-42D9-8A6B-42EB43CBD147}.Release|Any CPU.Build.0 = Release|Any CPU
		{29D06889-C0F7-4439-A4EF-54ABA4A9EFE2}.Debug|Any CPU.ActiveCfg = Debug|Any CPU
		{29D06889-C0F7-4439-A4EF-54ABA4A9EFE2}.Debug|Any CPU.Build.0 = Debug|Any CPU
		{29D06889-C0F7-4439-A4EF-54ABA4A9EFE2}.Release|Any CPU.ActiveCfg = Release|Any CPU
		{29D06889-C0F7-4439-A4EF-54ABA4A9EFE2}.Release|Any CPU.Build.0 = Release|Any CPU
		{D8D3177D-7F8A-46A1-A64B-21880ABA9232}.Debug|Any CPU.ActiveCfg = Debug|Any CPU
		{D8D3177D-7F8A-46A1-A64B-21880ABA9232}.Debug|Any CPU.Build.0 = Debug|Any CPU
		{D8D3177D-7F8A-46A1-A64B-21880ABA9232}.Release|Any CPU.ActiveCfg = Release|Any CPU
		{D8D3177D-7F8A-46A1-A64B-21880ABA9232}.Release|Any CPU.Build.0 = Release|Any CPU
		{DB81E546-2729-4CB8-B2D2-A5B8E6331B67}.Debug|Any CPU.ActiveCfg = Debug|Any CPU
		{DB81E546-2729-4CB8-B2D2-A5B8E6331B67}.Debug|Any CPU.Build.0 = Debug|Any CPU
		{DB81E546-2729-4CB8-B2D2-A5B8E6331B67}.Release|Any CPU.ActiveCfg = Release|Any CPU
		{DB81E546-2729-4CB8-B2D2-A5B8E6331B67}.Release|Any CPU.Build.0 = Release|Any CPU
	EndGlobalSection
	GlobalSection(SolutionProperties) = preSolution
		HideSolutionNode = FALSE
	EndGlobalSection
	GlobalSection(ExtensibilityGlobals) = postSolution
		SolutionGuid = {49CBCE73-25D8-40E5-9608-4416AA7A6519}
	EndGlobalSection
EndGlobal
